
Microsoft Visual Studio Solution File, Format Version 12.00
# Visual Studio Version 17
VisualStudioVersion = 17.3.32901.215
MinimumVisualStudioVersion = 10.0.40219.1
Project("{FAE04EC0-301F-11D3-BF4B-00C04F79EFBC}") = "YEALLOW", "YEALLOW.csproj", "{69077685-6CC7-40DF-BCBC-0A735D8E4E76}"
EndProject
Global
	GlobalSection(SolutionConfigurationPlatforms) = preSolution
		Debug|Any CPU = Debug|Any CPU
		Release|Any CPU = Release|Any CPU
	EndGlobalSection
	GlobalSection(ProjectConfigurationPlatforms) = postSolution
		{69077685-6CC7-40DF-BCBC-0A735D8E4E76}.Debug|Any CPU.ActiveCfg = Debug|Any CPU
		{69077685-6CC7-40DF-BCBC-0A735D8E4E76}.Debug|Any CPU.Build.0 = Debug|Any CPU
		{69077685-6CC7-40DF-BCBC-0A735D8E4E76}.Release|Any CPU.ActiveCfg = Release|Any CPU
		{69077685-6CC7-40DF-BCBC-0A735D8E4E76}.Release|Any CPU.Build.0 = Release|Any CPU
	EndGlobalSection
	GlobalSection(SolutionProperties) = preSolution
		HideSolutionNode = FALSE
	EndGlobalSection
	GlobalSection(ExtensibilityGlobals) = postSolution
		SolutionGuid = {357BEF5E-B8A2-45E5-B08A-02B7E0402542}
	EndGlobalSection
EndGlobal
